
Microsoft Visual Studio Solution File, Format Version 12.00
# Visual Studio Version 17
VisualStudioVersion = 17.8.34601.278
MinimumVisualStudioVersion = 10.0.40219.1
Project("{2150E333-8FDC-42A3-9474-1A3956D46DE8}") = "src", "src", "{D23E8336-4A63-4862-B432-8FBDDBD6C663}"
EndProject
Project("{2150E333-8FDC-42A3-9474-1A3956D46DE8}") = "demo", "demo", "{0C53A552-E8FC-4ADE-BEF6-1567D40DE715}"
EndProject
Project("{2150E333-8FDC-42A3-9474-1A3956D46DE8}") = "App1", "App1", "{D7EE7C57-C1B3-496C-9E78-8F4F1F246B55}"
EndProject
Project("{2150E333-8FDC-42A3-9474-1A3956D46DE8}") = "App2", "App2", "{5CB541FA-1FE9-4F56-9991-2E6AA1B6E402}"
EndProject
Project("{9A19103F-16F7-4668-BE54-9A1E7A4F7556}") = "WebApp1", "demo\App1\WebApp1\WebApp1.csproj", "{DB00B409-E779-484D-AA7B-29A3B321789F}"
EndProject
Project("{9A19103F-16F7-4668-BE54-9A1E7A4F7556}") = "WebApp2", "demo\App2\WebApp2\WebApp2.csproj", "{7B6AE58D-CC4A-431B-9A79-76A399805619}"
EndProject
Project("{9A19103F-16F7-4668-BE54-9A1E7A4F7556}") = "App1.AppService.Contracts", "demo\App1\App1.AppService.Contracts\App1.AppService.Contracts.csproj", "{4046503E-F478-41BA-8BF6-2BCA743767E5}"
EndProject
Project("{9A19103F-16F7-4668-BE54-9A1E7A4F7556}") = "App2.AppService", "demo\App2\App2.AppService\App2.AppService.csproj", "{8EAAE872-8A8D-4CF0-A1BF-5E3A22355EF5}"
EndProject
Project("{9A19103F-16F7-4668-BE54-9A1E7A4F7556}") = "App2.AppService.Contracts", "demo\App2\App2.AppService.Contracts\App2.AppService.Contracts.csproj", "{A4BA23CC-1540-4A7F-950B-AFED409694AC}"
EndProject
Project("{9A19103F-16F7-4668-BE54-9A1E7A4F7556}") = "App1.AppService", "demo\App1\App1.AppService\App1.AppService.csproj", "{FFAD9217-4042-462C-9AB0-2493E997AEA9}"
EndProject
Project("{9A19103F-16F7-4668-BE54-9A1E7A4F7556}") = "EasyCore.AspNetCore.Mvc", "src\EasyCore.AspNetCore.Mvc\EasyCore.AspNetCore.Mvc.csproj", "{6C13574D-41FE-4E44-9B84-380404DD434C}"
EndProject
Global
	GlobalSection(SolutionConfigurationPlatforms) = preSolution
		Debug|Any CPU = Debug|Any CPU
		Release|Any CPU = Release|Any CPU
	EndGlobalSection
	GlobalSection(ProjectConfigurationPlatforms) = postSolution
		{DB00B409-E779-484D-AA7B-29A3B321789F}.Debug|Any CPU.ActiveCfg = Debug|Any CPU
		{DB00B409-E779-484D-AA7B-29A3B321789F}.Debug|Any CPU.Build.0 = Debug|Any CPU
		{DB00B409-E779-484D-AA7B-29A3B321789F}.Release|Any CPU.ActiveCfg = Release|Any CPU
		{DB00B409-E779-484D-AA7B-29A3B321789F}.Release|Any CPU.Build.0 = Release|Any CPU
		{7B6AE58D-CC4A-431B-9A79-76A399805619}.Debug|Any CPU.ActiveCfg = Debug|Any CPU
		{7B6AE58D-CC4A-431B-9A79-76A399805619}.Debug|Any CPU.Build.0 = Debug|Any CPU
		{7B6AE58D-CC4A-431B-9A79-76A399805619}.Release|Any CPU.ActiveCfg = Release|Any CPU
		{7B6AE58D-CC4A-431B-9A79-76A399805619}.Release|Any CPU.Build.0 = Release|Any CPU
		{4046503E-F478-41BA-8BF6-2BCA743767E5}.Debug|Any CPU.ActiveCfg = Debug|Any CPU
		{4046503E-F478-41BA-8BF6-2BCA743767E5}.Debug|Any CPU.Build.0 = Debug|Any CPU
		{4046503E-F478-41BA-8BF6-2BCA743767E5}.Release|Any CPU.ActiveCfg = Release|Any CPU
		{4046503E-F478-41BA-8BF6-2BCA743767E5}.Release|Any CPU.Build.0 = Release|Any CPU
		{8EAAE872-8A8D-4CF0-A1BF-5E3A22355EF5}.Debug|Any CPU.ActiveCfg = Debug|Any CPU
		{8EAAE872-8A8D-4CF0-A1BF-5E3A22355EF5}.Debug|Any CPU.Build.0 = Debug|Any CPU
		{8EAAE872-8A8D-4CF0-A1BF-5E3A22355EF5}.Release|Any CPU.ActiveCfg = Release|Any CPU
		{8EAAE872-8A8D-4CF0-A1BF-5E3A22355EF5}.Release|Any CPU.Build.0 = Release|Any CPU
		{A4BA23CC-1540-4A7F-950B-AFED409694AC}.Debug|Any CPU.ActiveCfg = Debug|Any CPU
		{A4BA23CC-1540-4A7F-950B-AFED409694AC}.Debug|Any CPU.Build.0 = Debug|Any CPU
		{A4BA23CC-1540-4A7F-950B-AFED409694AC}.Release|Any CPU.ActiveCfg = Release|Any CPU
		{A4BA23CC-1540-4A7F-950B-AFED409694AC}.Release|Any CPU.Build.0 = Release|Any CPU
		{FFAD9217-4042-462C-9AB0-2493E997AEA9}.Debug|Any CPU.ActiveCfg = Debug|Any CPU
		{FFAD9217-4042-462C-9AB0-2493E997AEA9}.Debug|Any CPU.Build.0 = Debug|Any CPU
		{FFAD9217-4042-462C-9AB0-2493E997AEA9}.Release|Any CPU.ActiveCfg = Release|Any CPU
		{FFAD9217-4042-462C-9AB0-2493E997AEA9}.Release|Any CPU.Build.0 = Release|Any CPU
		{6C13574D-41FE-4E44-9B84-380404DD434C}.Debug|Any CPU.ActiveCfg = Debug|Any CPU
		{6C13574D-41FE-4E44-9B84-380404DD434C}.Debug|Any CPU.Build.0 = Debug|Any CPU
		{6C13574D-41FE-4E44-9B84-380404DD434C}.Release|Any CPU.ActiveCfg = Release|Any CPU
		{6C13574D-41FE-4E44-9B84-380404DD434C}.Release|Any CPU.Build.0 = Release|Any CPU
	EndGlobalSection
	GlobalSection(SolutionProperties) = preSolution
		HideSolutionNode = FALSE
	EndGlobalSection
	GlobalSection(NestedProjects) = preSolution
		{D7EE7C57-C1B3-496C-9E78-8F4F1F246B55} = {0C53A552-E8FC-4ADE-BEF6-1567D40DE715}
		{5CB541FA-1FE9-4F56-9991-2E6AA1B6E402} = {0C53A552-E8FC-4ADE-BEF6-1567D40DE715}
		{DB00B409-E779-484D-AA7B-29A3B321789F} = {D7EE7C57-C1B3-496C-9E78-8F4F1F246B55}
		{7B6AE58D-CC4A-431B-9A79-76A399805619} = {5CB541FA-1FE9-4F56-9991-2E6AA1B6E402}
		{4046503E-F478-41BA-8BF6-2BCA743767E5} = {D7EE7C57-C1B3-496C-9E78-8F4F1F246B55}
		{8EAAE872-8A8D-4CF0-A1BF-5E3A22355EF5} = {5CB541FA-1FE9-4F56-9991-2E6AA1B6E402}
		{A4BA23CC-1540-4A7F-950B-AFED409694AC} = {5CB541FA-1FE9-4F56-9991-2E6AA1B6E402}
		{FFAD9217-4042-462C-9AB0-2493E997AEA9} = {D7EE7C57-C1B3-496C-9E78-8F4F1F246B55}
		{6C13574D-41FE-4E44-9B84-380404DD434C} = {D23E8336-4A63-4862-B432-8FBDDBD6C663}
	EndGlobalSection
	GlobalSection(ExtensibilityGlobals) = postSolution
		SolutionGuid = {16E13F6B-EC2E-4D0F-8455-5B3E8523C173}
	EndGlobalSection
EndGlobal
